// !$*UTF8*$!
{
	archiveVersion = 1;
	classes = {
	};
	objectVersion = 46;
	objects = {

/* Begin PBXBuildFile section */
		62D48F651EBF5354001955C7 /* AppDelegate.swift in Sources */ = {isa = PBXBuildFile; fileRef = 62D48F641EBF5354001955C7 /* AppDelegate.swift */; };
		62D48F671EBF5354001955C7 /* ViewController.swift in Sources */ = {isa = PBXBuildFile; fileRef = 62D48F661EBF5354001955C7 /* ViewController.swift */; };
		62D48F6A1EBF5354001955C7 /* Main.storyboard in Resources */ = {isa = PBXBuildFile; fileRef = 62D48F681EBF5354001955C7 /* Main.storyboard */; };
		62D48F6C1EBF5354001955C7 /* Assets.xcassets in Resources */ = {isa = PBXBuildFile; fileRef = 62D48F6B1EBF5354001955C7 /* Assets.xcassets */; };
		62D48F6F1EBF5354001955C7 /* LaunchScreen.storyboard in Resources */ = {isa = PBXBuildFile; fileRef = 62D48F6D1EBF5354001955C7 /* LaunchScreen.storyboard */; };
		62D48F781EBF53EE001955C7 /* tarantino.xml in Resources */ = {isa = PBXBuildFile; fileRef = 62D48F761EBF53EE001955C7 /* tarantino.xml */; };
		62D48F791EBF53EE001955C7 /* TarantinoFilm.swift in Sources */ = {isa = PBXBuildFile; fileRef = 62D48F771EBF53EE001955C7 /* TarantinoFilm.swift */; };
/* End PBXBuildFile section */

/* Begin PBXFileReference section */
		62D48F611EBF5354001955C7 /* XMLParser3.app */ = {isa = PBXFileReference; explicitFileType = wrapper.application; includeInIndex = 0; path = XMLParser3.app; sourceTree = BUILT_PRODUCTS_DIR; };
		62D48F641EBF5354001955C7 /* AppDelegate.swift */ = {isa = PBXFileReference; lastKnownFileType = sourcecode.swift; path = AppDelegate.swift; sourceTree = "<group>"; };
		62D48F661EBF5354001955C7 /* ViewController.swift */ = {isa = PBXFileReference; lastKnownFileType = sourcecode.swift; path = ViewController.swift; sourceTree = "<group>"; };
		62D48F691EBF5354001955C7 /* Base */ = {isa = PBXFileReference; lastKnownFileType = file.storyboard; name = Base; path = Base.lproj/Main.storyboard; sourceTree = "<group>"; };
		62D48F6B1EBF5354001955C7 /* Assets.xcassets */ = {isa = PBXFileReference; lastKnownFileType = folder.assetcatalog; path = Assets.xcassets; sourceTree = "<group>"; };
		62D48F6E1EBF5354001955C7 /* Base */ = {isa = PBXFileReference; lastKnownFileType = file.storyboard; name = Base; path = Base.lproj/LaunchScreen.storyboard; sourceTree = "<group>"; };
		62D48F701EBF5354001955C7 /* Info.plist */ = {isa = PBXFileReference; lastKnownFileType = text.plist.xml; path = Info.plist; sourceTree = "<group>"; };
		62D48F761EBF53EE001955C7 /* tarantino.xml */ = {isa = PBXFileReference; fileEncoding = 4; lastKnownFileType = text.xml; path = tarantino.xml; sourceTree = "<group>"; };
		62D48F771EBF53EE001955C7 /* TarantinoFilm.swift */ = {isa = PBXFileReference; fileEncoding = 4; lastKnownFileType = sourcecode.swift; path = TarantinoFilm.swift; sourceTree = "<group>"; };
/* End PBXFileReference section */

/* Begin PBXFrameworksBuildPhase section */
		62D48F5E1EBF5354001955C7 /* Frameworks */ = {
			isa = PBXFrameworksBuildPhase;
			buildActionMask = 2147483647;
			files = (
			);
			runOnlyForDeploymentPostprocessing = 0;
		};
/* End PBXFrameworksBuildPhase section */

/* Begin PBXGroup section */
		62D48F581EBF5354001955C7 = {
			isa = PBXGroup;
			children = (
				62D48F631EBF5354001955C7 /* XMLParser3 */,
				62D48F621EBF5354001955C7 /* Products */,
			);
			sourceTree = "<group>";
		};
		62D48F621EBF5354001955C7 /* Products */ = {
			isa = PBXGroup;
			children = (
				62D48F611EBF5354001955C7 /* XMLParser3.app */,
			);
			name = Products;
			sourceTree = "<group>";
		};
		62D48F631EBF5354001955C7 /* XMLParser3 */ = {
			isa = PBXGroup;
			children = (
				62D48F761EBF53EE001955C7 /* tarantino.xml */,
				62D48F771EBF53EE001955C7 /* TarantinoFilm.swift */,
				62D48F641EBF5354001955C7 /* AppDelegate.swift */,
				62D48F661EBF5354001955C7 /* ViewController.swift */,
				62D48F681EBF5354001955C7 /* Main.storyboard */,
				62D48F6B1EBF5354001955C7 /* Assets.xcassets */,
				62D48F6D1EBF5354001955C7 /* LaunchScreen.storyboard */,
				62D48F701EBF5354001955C7 /* Info.plist */,
			);
			path = XMLParser3;
			sourceTree = "<group>";
		};
/* End PBXGroup section */

/* Begin PBXNativeTarget section */
		62D48F601EBF5354001955C7 /* XMLParser3 */ = {
			isa = PBXNativeTarget;
			buildConfigurationList = 62D48F731EBF5354001955C7 /* Build configuration list for PBXNativeTarget "XMLParser3" */;
			buildPhases = (
				62D48F5D1EBF5354001955C7 /* Sources */,
				62D48F5E1EBF5354001955C7 /* Frameworks */,
				62D48F5F1EBF5354001955C7 /* Resources */,
			);
			buildRules = (
			);
			dependencies = (
			);
			name = XMLParser3;
			productName = XMLParser3;
			productReference = 62D48F611EBF5354001955C7 /* XMLParser3.app */;
			productType = "com.apple.product-type.application";
		};
/* End PBXNativeTarget section */

/* Begin PBXProject section */
		62D48F591EBF5354001955C7 /* Project object */ = {
			isa = PBXProject;
			attributes = {
				LastSwiftUpdateCheck = 0820;
				LastUpgradeCheck = 0820;
				ORGANIZATIONNAME = "Ethan Halprin";
				TargetAttributes = {
					62D48F601EBF5354001955C7 = {
						CreatedOnToolsVersion = 8.2;
						ProvisioningStyle = Manual;
					};
				};
			};
			buildConfigurationList = 62D48F5C1EBF5354001955C7 /* Build configuration list for PBXProject "XMLParser3" */;
			compatibilityVersion = "Xcode 3.2";
			developmentRegion = English;
			hasScannedForEncodings = 0;
			knownRegions = (
				en,
				Base,
			);
			mainGroup = 62D48F581EBF5354001955C7;
			productRefGroup = 62D48F621EBF5354001955C7 /* Products */;
			projectDirPath = "";
			projectRoot = "";
			targets = (
				62D48F601EBF5354001955C7 /* XMLParser3 */,
			);
		};
/* End PBXProject section */

/* Begin PBXResourcesBuildPhase section */
		62D48F5F1EBF5354001955C7 /* Resources */ = {
			isa = PBXResourcesBuildPhase;
			buildActionMask = 2147483647;
			files = (
				62D48F781EBF53EE001955C7 /* tarantino.xml in Resources */,
				62D48F6F1EBF5354001955C7 /* LaunchScreen.storyboard in Resources */,
				62D48F6C1EBF5354001955C7 /* Assets.xcassets in Resources */,
				62D48F6A1EBF5354001955C7 /* Main.storyboard in Resources */,
			);
			runOnlyForDeploymentPostprocessing = 0;
		};
/* End PBXResourcesBuildPhase section */

/* Begin PBXSourcesBuildPhase section */
		62D48F5D1EBF5354001955C7 /* Sources */ = {
			isa = PBXSourcesBuildPhase;
			buildActionMask = 2147483647;
			files = (
				62D48F671EBF5354001955C7 /* ViewController.swift in Sources */,
				62D48F651EBF5354001955C7 /* AppDelegate.swift in Sources */,
				62D48F791EBF53EE001955C7 /* TarantinoFilm.swift in Sources */,
			);
			runOnlyForDeploymentPostprocessing = 0;
		};
/* End PBXSourcesBuildPhase section */

/* Begin PBXVariantGroup section */
		62D48F681EBF5354001955C7 /* Main.storyboard */ = {
			isa = PBXVariantGroup;
			children = (
				62D48F691EBF5354001955C7 /* Base */,
			);
			name = Main.storyboard;
			sourceTree = "<group>";
		};
		62D48F6D1EBF5354001955C7 /* LaunchScreen.storyboard */ = {
			isa = PBXVariantGroup;
			children = (
				62D48F6E1EBF5354001955C7 /* Base */,
			);
			name = LaunchScreen.storyboard;
			sourceTree = "<group>";
		};
/* End PBXVariantGroup section */

/* Begin XCBuildConfiguration section */
		62D48F711EBF5354001955C7 /* Debug */ = {
			isa = XCBuildConfiguration;
			buildSettings = {
				ALWAYS_SEARCH_USER_PATHS = NO;
				CLANG_ANALYZER_NONNULL = YES;
				CLANG_CXX_LANGUAGE_STANDARD = "gnu++0x";
				CLANG_CXX_LIBRARY = "libc++";
				CLANG_ENABLE_MODULES = YES;
				CLANG_ENABLE_OBJC_ARC = YES;
				CLANG_WARN_BOOL_CONVERSION = YES;
				CLANG_WARN_CONSTANT_CONVERSION = YES;
				CLANG_WARN_DIRECT_OBJC_ISA_USAGE = YES_ERROR;
				CLANG_WARN_DOCUMENTATION_COMMENTS = YES;
				CLANG_WARN_EMPTY_BODY = YES;
				CLANG_WARN_ENUM_CONVERSION = YES;
				CLANG_WARN_INFINITE_RECURSION = YES;
				CLANG_WARN_INT_CONVERSION = YES;
				CLANG_WARN_OBJC_ROOT_CLASS = YES_ERROR;
				CLANG_WARN_SUSPICIOUS_MOVE = YES;
				CLANG_WARN_UNREACHABLE_CODE = YES;
				CLANG_WARN__DUPLICATE_METHOD_MATCH = YES;
				"CODE_SIGN_IDENTITY[sdk=iphoneos*]" = "iPhone Developer";
				COPY_PHASE_STRIP = NO;
				DEBUG_INFORMATION_FORMAT = dwarf;
				ENABLE_STRICT_OBJC_MSGSEND = YES;
				ENABLE_TESTABILITY = YES;
				GCC_C_LANGUAGE_STANDARD = gnu99;
				GCC_DYNAMIC_NO_PIC = NO;
				GCC_NO_COMMON_BLOCKS = YES;
				GCC_OPTIMIZATION_LEVEL = 0;
				GCC_PREPROCESSOR_DEFINITIONS = (
					"DEBUG=1",
					"$(inherited)",
				);
				GCC_WARN_64_TO_32_BIT_CONVERSION = YES;
				GCC_WARN_ABOUT_RETURN_TYPE = YES_ERROR;
				GCC_WARN_UNDECLARED_SELECTOR = YES;
				GCC_WARN_UNINITIALIZED_AUTOS = YES_AGGRESSIVE;
				GCC_WARN_UNUSED_FUNCTION = YES;
				GCC_WARN_UNUSED_VARIABLE = YES;
				IPHONEOS_DEPLOYMENT_TARGET = 10.2;
				MTL_ENABLE_DEBUG_INFO = YES;
				ONLY_ACTIVE_ARCH = YES;
				SDKROOT = iphoneos;
				SWIFT_ACTIVE_COMPILATION_CONDITIONS = DEBUG;
				SWIFT_OPTIMIZATION_LEVEL = "-Onone";
			};
			name = Debug;
		};
		62D48F721EBF5354001955C7 /* Release */ = {
			isa = XCBuildConfiguration;
			buildSettings = {
				ALWAYS_SEARCH_USER_PATHS = NO;
				CLANG_ANALYZER_NONNULL = YES;
				CLANG_CXX_LANGUAGE_STANDARD = "gnu++0x";
				CLANG_CXX_LIBRARY = "libc++";
				CLANG_ENABLE_MODULES = YES;
				CLANG_ENABLE_OBJC_ARC = YES;
				CLANG_WARN_BOOL_CONVERSION = YES;
				CLANG_WARN_CONSTANT_CONVERSION = YES;
				CLANG_WARN_DIRECT_OBJC_ISA_USAGE = YES_ERROR;
				CLANG_WARN_DOCUMENTATION_COMMENTS = YES;
				CLANG_WARN_EMPTY_BODY = YES;
				CLANG_WARN_ENUM_CONVERSION = YES;
				CLANG_WARN_INFINITE_RECURSION = YES;
				CLANG_WARN_INT_CONVERSION = YES;
				CLANG_WARN_OBJC_ROOT_CLASS = YES_ERROR;
				CLANG_WARN_SUSPICIOUS_MOVE = YES;
				CLANG_WARN_UNREACHABLE_CODE = YES;
				CLANG_WARN__DUPLICATE_METHOD_MATCH = YES;
				"CODE_SIGN_IDENTITY[sdk=iphoneos*]" = "iPhone Developer";
				COPY_PHASE_STRIP = NO;
				DEBUG_INFORMATION_FORMAT = "dwarf-with-dsym";
				ENABLE_NS_ASSERTIONS = NO;
				ENABLE_STRICT_OBJC_MSGSEND = YES;
				GCC_C_LANGUAGE_STANDARD = gnu99;
				GCC_NO_COMMON_BLOCKS = YES;
				GCC_WARN_64_TO_32_BIT_CONVERSION = YES;
				GCC_WARN_ABOUT_RETURN_TYPE = YES_ERROR;
				GCC_WARN_UNDECLARED_SELECTOR = YES;
				GCC_WARN_UNINITIALIZED_AUTOS = YES_AGGRESSIVE;
				GCC_WARN_UNUSED_FUNCTION = YES;
				GCC_WARN_UNUSED_VARIABLE = YES;
				IPHONEOS_DEPLOYMENT_TARGET = 10.2;
				MTL_ENABLE_DEBUG_INFO = NO;
				SDKROOT = iphoneos;
				SWIFT_OPTIMIZATION_LEVEL = "-Owholemodule";
				VALIDATE_PRODUCT = YES;
			};
			name = Release;
		};
		62D48F741EBF5354001955C7 /* Debug */ = {
			isa = XCBuildConfiguration;
			buildSettings = {
				ASSETCATALOG_COMPILER_APPICON_NAME = AppIcon;
				"CODE_SIGN_IDENTITY[sdk=iphoneos*]" = "";
				DEVELOPMENT_TEAM = "";
				INFOPLIST_FILE = XMLParser3/Info.plist;
				LD_RUNPATH_SEARCH_PATHS = "$(inherited) @executable_path/Frameworks";
				PRODUCT_BUNDLE_IDENTIFIER = Ethan.XMLParser3;
				PRODUCT_NAME = "$(TARGET_NAME)";
				SWIFT_VERSION = 3.0;
			};
			name = Debug;
		};
		62D48F751EBF5354001955C7 /* Release */ = {
			isa = XCBuildConfiguration;
			buildSettings = {
				ASSETCATALOG_COMPILER_APPICON_NAME = AppIcon;
				"CODE_SIGN_IDENTITY[sdk=iphoneos*]" = "";
				DEVELOPMENT_TEAM = "";
				INFOPLIST_FILE = XMLParser3/Info.plist;
				LD_RUNPATH_SEARCH_PATHS = "$(inherited) @executable_path/Frameworks";
				PRODUCT_BUNDLE_IDENTIFIER = Ethan.XMLParser3;
				PRODUCT_NAME = "$(TARGET_NAME)";
				SWIFT_VERSION = 3.0;
			};
			name = Release;
		};
/* End XCBuildConfiguration section */

/* Begin XCConfigurationList section */
		62D48F5C1EBF5354001955C7 /* Build configuration list for PBXProject "XMLParser3" */ = {
			isa = XCConfigurationList;
			buildConfigurations = (
				62D48F711EBF5354001955C7 /* Debug */,
				62D48F721EBF5354001955C7 /* Release */,
			);
			defaultConfigurationIsVisible = 0;
			defaultConfigurationName = Release;
		};
		62D48F731EBF5354001955C7 /* Build configuration list for PBXNativeTarget "XMLParser3" */ = {
			isa = XCConfigurationList;
			buildConfigurations = (
				62D48F741EBF5354001955C7 /* Debug */,
				62D48F751EBF5354001955C7 /* Release */,
			);
			defaultConfigurationIsVisible = 0;
		};
/* End XCConfigurationList section */
	};
	rootObject = 62D48F591EBF5354001955C7 /* Project object */;
}
